// !$*UTF8*$!
{
	archiveVersion = 1;
	classes = {
	};
	objectVersion = 50;
	objects = {

/* Begin PBXBuildFile section */
		5DC5B2D024A63DD000C12F9C /* AppDelegate.m in Sources */ = {isa = PBXBuildFile; fileRef = 5DC5B2CF24A63DD000C12F9C /* AppDelegate.m */; };
		5DC5B2D324A63DD000C12F9C /* SceneDelegate.m in Sources */ = {isa = PBXBuildFile; fileRef = 5DC5B2D224A63DD000C12F9C /* SceneDelegate.m */; };
		5DC5B2D624A63DD000C12F9C /* ViewController.m in Sources */ = {isa = PBXBuildFile; fileRef = 5DC5B2D524A63DD000C12F9C /* ViewController.m */; };
		5DC5B2D924A63DD000C12F9C /* Main.storyboard in Resources */ = {isa = PBXBuildFile; fileRef = 5DC5B2D724A63DD000C12F9C /* Main.storyboard */; };
		5DC5B2DB24A63DD300C12F9C /* Assets.xcassets in Resources */ = {isa = PBXBuildFile; fileRef = 5DC5B2DA24A63DD300C12F9C /* Assets.xcassets */; };
		5DC5B2DE24A63DD300C12F9C /* LaunchScreen.storyboard in Resources */ = {isa = PBXBuildFile; fileRef = 5DC5B2DC24A63DD300C12F9C /* LaunchScreen.storyboard */; };
		5DC5B2E124A63DD300C12F9C /* main.m in Sources */ = {isa = PBXBuildFile; fileRef = 5DC5B2E024A63DD300C12F9C /* main.m */; };
		5DC5B2E924A6428300C12F9C /* SecondController.m in Sources */ = {isa = PBXBuildFile; fileRef = 5DC5B2E824A6428300C12F9C /* SecondController.m */; };
		5DC5B2EB24A6461E00C12F9C /* IMG_0561.PNG in Resources */ = {isa = PBXBuildFile; fileRef = 5DC5B2EA24A6461E00C12F9C /* IMG_0561.PNG */; };
		5DC5B2EF24A6464800C12F9C /* ThirdController.m in Sources */ = {isa = PBXBuildFile; fileRef = 5DC5B2ED24A6464800C12F9C /* ThirdController.m */; };
		5DC5B2F024A6464800C12F9C /* ThirdController.xib in Resources */ = {isa = PBXBuildFile; fileRef = 5DC5B2EE24A6464800C12F9C /* ThirdController.xib */; };
		5DC5B2F424A647A200C12F9C /* ThirdTableCell.m in Sources */ = {isa = PBXBuildFile; fileRef = 5DC5B2F224A647A200C12F9C /* ThirdTableCell.m */; };
		5DC5B2F524A647A200C12F9C /* ThirdTableCell.xib in Resources */ = {isa = PBXBuildFile; fileRef = 5DC5B2F324A647A200C12F9C /* ThirdTableCell.xib */; };
/* End PBXBuildFile section */

/* Begin PBXFileReference section */
		5DC5B2CB24A63DD000C12F9C /* Runloop-test.app */ = {isa = PBXFileReference; explicitFileType = wrapper.application; includeInIndex = 0; path = "Runloop-test.app"; sourceTree = BUILT_PRODUCTS_DIR; };
		5DC5B2CE24A63DD000C12F9C /* AppDelegate.h */ = {isa = PBXFileReference; lastKnownFileType = sourcecode.c.h; path = AppDelegate.h; sourceTree = "<group>"; };
		5DC5B2CF24A63DD000C12F9C /* AppDelegate.m */ = {isa = PBXFileReference; lastKnownFileType = sourcecode.c.objc; path = AppDelegate.m; sourceTree = "<group>"; };
		5DC5B2D124A63DD000C12F9C /* SceneDelegate.h */ = {isa = PBXFileReference; lastKnownFileType = sourcecode.c.h; path = SceneDelegate.h; sourceTree = "<group>"; };
		5DC5B2D224A63DD000C12F9C /* SceneDelegate.m */ = {isa = PBXFileReference; lastKnownFileType = sourcecode.c.objc; path = SceneDelegate.m; sourceTree = "<group>"; };
		5DC5B2D424A63DD000C12F9C /* ViewController.h */ = {isa = PBXFileReference; lastKnownFileType = sourcecode.c.h; path = ViewController.h; sourceTree = "<group>"; };
		5DC5B2D524A63DD000C12F9C /* ViewController.m */ = {isa = PBXFileReference; lastKnownFileType = sourcecode.c.objc; path = ViewController.m; sourceTree = "<group>"; };
		5DC5B2D824A63DD000C12F9C /* Base */ = {isa = PBXFileReference; lastKnownFileType = file.storyboard; name = Base; path = Base.lproj/Main.storyboard; sourceTree = "<group>"; };
		5DC5B2DA24A63DD300C12F9C /* Assets.xcassets */ = {isa = PBXFileReference; lastKnownFileType = folder.assetcatalog; path = Assets.xcassets; sourceTree = "<group>"; };
		5DC5B2DD24A63DD300C12F9C /* Base */ = {isa = PBXFileReference; lastKnownFileType = file.storyboard; name = Base; path = Base.lproj/LaunchScreen.storyboard; sourceTree = "<group>"; };
		5DC5B2DF24A63DD300C12F9C /* Info.plist */ = {isa = PBXFileReference; lastKnownFileType = text.plist.xml; path = Info.plist; sourceTree = "<group>"; };
		5DC5B2E024A63DD300C12F9C /* main.m */ = {isa = PBXFileReference; lastKnownFileType = sourcecode.c.objc; path = main.m; sourceTree = "<group>"; };
		5DC5B2E724A6428300C12F9C /* SecondController.h */ = {isa = PBXFileReference; lastKnownFileType = sourcecode.c.h; path = SecondController.h; sourceTree = "<group>"; };
		5DC5B2E824A6428300C12F9C /* SecondController.m */ = {isa = PBXFileReference; lastKnownFileType = sourcecode.c.objc; path = SecondController.m; sourceTree = "<group>"; };
		5DC5B2EA24A6461E00C12F9C /* IMG_0561.PNG */ = {isa = PBXFileReference; lastKnownFileType = image.png; path = IMG_0561.PNG; sourceTree = "<group>"; };
		5DC5B2EC24A6464800C12F9C /* ThirdController.h */ = {isa = PBXFileReference; lastKnownFileType = sourcecode.c.h; path = ThirdController.h; sourceTree = "<group>"; };
		5DC5B2ED24A6464800C12F9C /* ThirdController.m */ = {isa = PBXFileReference; lastKnownFileType = sourcecode.c.objc; path = ThirdController.m; sourceTree = "<group>"; };
		5DC5B2EE24A6464800C12F9C /* ThirdController.xib */ = {isa = PBXFileReference; lastKnownFileType = file.xib; path = ThirdController.xib; sourceTree = "<group>"; };
		5DC5B2F124A647A200C12F9C /* ThirdTableCell.h */ = {isa = PBXFileReference; lastKnownFileType = sourcecode.c.h; path = ThirdTableCell.h; sourceTree = "<group>"; };
		5DC5B2F224A647A200C12F9C /* ThirdTableCell.m */ = {isa = PBXFileReference; lastKnownFileType = sourcecode.c.objc; path = ThirdTableCell.m; sourceTree = "<group>"; };
		5DC5B2F324A647A200C12F9C /* ThirdTableCell.xib */ = {isa = PBXFileReference; lastKnownFileType = file.xib; path = ThirdTableCell.xib; sourceTree = "<group>"; };
/* End PBXFileReference section */

/* Begin PBXFrameworksBuildPhase section */
		5DC5B2C824A63DD000C12F9C /* Frameworks */ = {
			isa = PBXFrameworksBuildPhase;
			buildActionMask = 2147483647;
			files = (
			);
			runOnlyForDeploymentPostprocessing = 0;
		};
/* End PBXFrameworksBuildPhase section */

/* Begin PBXGroup section */
		5DC5B2C224A63DD000C12F9C = {
			isa = PBXGroup;
			children = (
				5DC5B2CD24A63DD000C12F9C /* Runloop-test */,
				5DC5B2CC24A63DD000C12F9C /* Products */,
			);
			sourceTree = "<group>";
		};
		5DC5B2CC24A63DD000C12F9C /* Products */ = {
			isa = PBXGroup;
			children = (
				5DC5B2CB24A63DD000C12F9C /* Runloop-test.app */,
			);
			name = Products;
			sourceTree = "<group>";
		};
		5DC5B2CD24A63DD000C12F9C /* Runloop-test */ = {
			isa = PBXGroup;
			children = (
				5DC5B2EA24A6461E00C12F9C /* IMG_0561.PNG */,
				5DC5B2CE24A63DD000C12F9C /* AppDelegate.h */,
				5DC5B2CF24A63DD000C12F9C /* AppDelegate.m */,
				5DC5B2D124A63DD000C12F9C /* SceneDelegate.h */,
				5DC5B2D224A63DD000C12F9C /* SceneDelegate.m */,
				5DC5B2D424A63DD000C12F9C /* ViewController.h */,
				5DC5B2D524A63DD000C12F9C /* ViewController.m */,
				5DC5B2E724A6428300C12F9C /* SecondController.h */,
				5DC5B2E824A6428300C12F9C /* SecondController.m */,
				5DC5B2EC24A6464800C12F9C /* ThirdController.h */,
				5DC5B2ED24A6464800C12F9C /* ThirdController.m */,
				5DC5B2EE24A6464800C12F9C /* ThirdController.xib */,
				5DC5B2F124A647A200C12F9C /* ThirdTableCell.h */,
				5DC5B2F224A647A200C12F9C /* ThirdTableCell.m */,
				5DC5B2F324A647A200C12F9C /* ThirdTableCell.xib */,
				5DC5B2D724A63DD000C12F9C /* Main.storyboard */,
				5DC5B2DA24A63DD300C12F9C /* Assets.xcassets */,
				5DC5B2DC24A63DD300C12F9C /* LaunchScreen.storyboard */,
				5DC5B2DF24A63DD300C12F9C /* Info.plist */,
				5DC5B2E024A63DD300C12F9C /* main.m */,
			);
			path = "Runloop-test";
			sourceTree = "<group>";
		};
/* End PBXGroup section */

/* Begin PBXNativeTarget section */
		5DC5B2CA24A63DD000C12F9C /* Runloop-test */ = {
			isa = PBXNativeTarget;
			buildConfigurationList = 5DC5B2E424A63DD300C12F9C /* Build configuration list for PBXNativeTarget "Runloop-test" */;
			buildPhases = (
				5DC5B2C724A63DD000C12F9C /* Sources */,
				5DC5B2C824A63DD000C12F9C /* Frameworks */,
				5DC5B2C924A63DD000C12F9C /* Resources */,
			);
			buildRules = (
			);
			dependencies = (
			);
			name = "Runloop-test";
			productName = "Runloop-test";
			productReference = 5DC5B2CB24A63DD000C12F9C /* Runloop-test.app */;
			productType = "com.apple.product-type.application";
		};
/* End PBXNativeTarget section */

/* Begin PBXProject section */
		5DC5B2C324A63DD000C12F9C /* Project object */ = {
			isa = PBXProject;
			attributes = {
				LastUpgradeCheck = 1130;
				ORGANIZATIONNAME = "陈江林";
				TargetAttributes = {
					5DC5B2CA24A63DD000C12F9C = {
						CreatedOnToolsVersion = 11.3.1;
					};
				};
			};
			buildConfigurationList = 5DC5B2C624A63DD000C12F9C /* Build configuration list for PBXProject "Runloop-test" */;
			compatibilityVersion = "Xcode 9.3";
			developmentRegion = en;
			hasScannedForEncodings = 0;
			knownRegions = (
				en,
				Base,
			);
			mainGroup = 5DC5B2C224A63DD000C12F9C;
			productRefGroup = 5DC5B2CC24A63DD000C12F9C /* Products */;
			projectDirPath = "";
			projectRoot = "";
			targets = (
				5DC5B2CA24A63DD000C12F9C /* Runloop-test */,
			);
		};
/* End PBXProject section */

/* Begin PBXResourcesBuildPhase section */
		5DC5B2C924A63DD000C12F9C /* Resources */ = {
			isa = PBXResourcesBuildPhase;
			buildActionMask = 2147483647;
			files = (
				5DC5B2F024A6464800C12F9C /* ThirdController.xib in Resources */,
				5DC5B2DE24A63DD300C12F9C /* LaunchScreen.storyboard in Resources */,
				5DC5B2DB24A63DD300C12F9C /* Assets.xcassets in Resources */,
				5DC5B2D924A63DD000C12F9C /* Main.storyboard in Resources */,
				5DC5B2F524A647A200C12F9C /* ThirdTableCell.xib in Resources */,
				5DC5B2EB24A6461E00C12F9C /* IMG_0561.PNG in Resources */,
			);
			runOnlyForDeploymentPostprocessing = 0;
		};
/* End PBXResourcesBuildPhase section */

/* Begin PBXSourcesBuildPhase section */
		5DC5B2C724A63DD000C12F9C /* Sources */ = {
			isa = PBXSourcesBuildPhase;
			buildActionMask = 2147483647;
			files = (
				5DC5B2D624A63DD000C12F9C /* ViewController.m in Sources */,
				5DC5B2EF24A6464800C12F9C /* ThirdController.m in Sources */,
				5DC5B2D024A63DD000C12F9C /* AppDelegate.m in Sources */,
				5DC5B2E924A6428300C12F9C /* SecondController.m in Sources */,
				5DC5B2F424A647A200C12F9C /* ThirdTableCell.m in Sources */,
				5DC5B2E124A63DD300C12F9C /* main.m in Sources */,
				5DC5B2D324A63DD000C12F9C /* SceneDelegate.m in Sources */,
			);
			runOnlyForDeploymentPostprocessing = 0;
		};
/* End PBXSourcesBuildPhase section */

/* Begin PBXVariantGroup section */
		5DC5B2D724A63DD000C12F9C /* Main.storyboard */ = {
			isa = PBXVariantGroup;
			children = (
				5DC5B2D824A63DD000C12F9C /* Base */,
			);
			name = Main.storyboard;
			sourceTree = "<group>";
		};
		5DC5B2DC24A63DD300C12F9C /* LaunchScreen.storyboard */ = {
			isa = PBXVariantGroup;
			children = (
				5DC5B2DD24A63DD300C12F9C /* Base */,
			);
			name = LaunchScreen.storyboard;
			sourceTree = "<group>";
		};
/* End PBXVariantGroup section */

/* Begin XCBuildConfiguration section */
		5DC5B2E224A63DD300C12F9C /* Debug */ = {
			isa = XCBuildConfiguration;
			buildSettings = {
				ALWAYS_SEARCH_USER_PATHS = NO;
				CLANG_ANALYZER_NONNULL = YES;
				CLANG_ANALYZER_NUMBER_OBJECT_CONVERSION = YES_AGGRESSIVE;
				CLANG_CXX_LANGUAGE_STANDARD = "gnu++14";
				CLANG_CXX_LIBRARY = "libc++";
				CLANG_ENABLE_MODULES = YES;
				CLANG_ENABLE_OBJC_ARC = YES;
				CLANG_ENABLE_OBJC_WEAK = YES;
				CLANG_WARN_BLOCK_CAPTURE_AUTORELEASING = YES;
				CLANG_WARN_BOOL_CONVERSION = YES;
				CLANG_WARN_COMMA = YES;
				CLANG_WARN_CONSTANT_CONVERSION = YES;
				CLANG_WARN_DEPRECATED_OBJC_IMPLEMENTATIONS = YES;
				CLANG_WARN_DIRECT_OBJC_ISA_USAGE = YES_ERROR;
				CLANG_WARN_DOCUMENTATION_COMMENTS = YES;
				CLANG_WARN_EMPTY_BODY = YES;
				CLANG_WARN_ENUM_CONVERSION = YES;
				CLANG_WARN_INFINITE_RECURSION = YES;
				CLANG_WARN_INT_CONVERSION = YES;
				CLANG_WARN_NON_LITERAL_NULL_CONVERSION = YES;
				CLANG_WARN_OBJC_IMPLICIT_RETAIN_SELF = YES;
				CLANG_WARN_OBJC_LITERAL_CONVERSION = YES;
				CLANG_WARN_OBJC_ROOT_CLASS = YES_ERROR;
				CLANG_WARN_RANGE_LOOP_ANALYSIS = YES;
				CLANG_WARN_STRICT_PROTOTYPES = YES;
				CLANG_WARN_SUSPICIOUS_MOVE = YES;
				CLANG_WARN_UNGUARDED_AVAILABILITY = YES_AGGRESSIVE;
				CLANG_WARN_UNREACHABLE_CODE = YES;
				CLANG_WARN__DUPLICATE_METHOD_MATCH = YES;
				COPY_PHASE_STRIP = NO;
				DEBUG_INFORMATION_FORMAT = dwarf;
				ENABLE_STRICT_OBJC_MSGSEND = YES;
				ENABLE_TESTABILITY = YES;
				GCC_C_LANGUAGE_STANDARD = gnu11;
				GCC_DYNAMIC_NO_PIC = NO;
				GCC_NO_COMMON_BLOCKS = YES;
				GCC_OPTIMIZATION_LEVEL = 0;
				GCC_PREPROCESSOR_DEFINITIONS = (
					"DEBUG=1",
					"$(inherited)",
				);
				GCC_WARN_64_TO_32_BIT_CONVERSION = YES;
				GCC_WARN_ABOUT_RETURN_TYPE = YES_ERROR;
				GCC_WARN_UNDECLARED_SELECTOR = YES;
				GCC_WARN_UNINITIALIZED_AUTOS = YES_AGGRESSIVE;
				GCC_WARN_UNUSED_FUNCTION = YES;
				GCC_WARN_UNUSED_VARIABLE = YES;
				IPHONEOS_DEPLOYMENT_TARGET = 13.2;
				MTL_ENABLE_DEBUG_INFO = INCLUDE_SOURCE;
				MTL_FAST_MATH = YES;
				ONLY_ACTIVE_ARCH = YES;
				SDKROOT = iphoneos;
			};
			name = Debug;
		};
		5DC5B2E324A63DD300C12F9C /* Release */ = {
			isa = XCBuildConfiguration;
			buildSettings = {
				ALWAYS_SEARCH_USER_PATHS = NO;
				CLANG_ANALYZER_NONNULL = YES;
				CLANG_ANALYZER_NUMBER_OBJECT_CONVERSION = YES_AGGRESSIVE;
				CLANG_CXX_LANGUAGE_STANDARD = "gnu++14";
				CLANG_CXX_LIBRARY = "libc++";
				CLANG_ENABLE_MODULES = YES;
				CLANG_ENABLE_OBJC_ARC = YES;
				CLANG_ENABLE_OBJC_WEAK = YES;
				CLANG_WARN_BLOCK_CAPTURE_AUTORELEASING = YES;
				CLANG_WARN_BOOL_CONVERSION = YES;
				CLANG_WARN_COMMA = YES;
				CLANG_WARN_CONSTANT_CONVERSION = YES;
				CLANG_WARN_DEPRECATED_OBJC_IMPLEMENTATIONS = YES;
				CLANG_WARN_DIRECT_OBJC_ISA_USAGE = YES_ERROR;
				CLANG_WARN_DOCUMENTATION_COMMENTS = YES;
				CLANG_WARN_EMPTY_BODY = YES;
				CLANG_WARN_ENUM_CONVERSION = YES;
				CLANG_WARN_INFINITE_RECURSION = YES;
				CLANG_WARN_INT_CONVERSION = YES;
				CLANG_WARN_NON_LITERAL_NULL_CONVERSION = YES;
				CLANG_WARN_OBJC_IMPLICIT_RETAIN_SELF = YES;
				CLANG_WARN_OBJC_LITERAL_CONVERSION = YES;
				CLANG_WARN_OBJC_ROOT_CLASS = YES_ERROR;
				CLANG_WARN_RANGE_LOOP_ANALYSIS = YES;
				CLANG_WARN_STRICT_PROTOTYPES = YES;
				CLANG_WARN_SUSPICIOUS_MOVE = YES;
				CLANG_WARN_UNGUARDED_AVAILABILITY = YES_AGGRESSIVE;
				CLANG_WARN_UNREACHABLE_CODE = YES;
				CLANG_WARN__DUPLICATE_METHOD_MATCH = YES;
				COPY_PHASE_STRIP = NO;
				DEBUG_INFORMATION_FORMAT = "dwarf-with-dsym";
				ENABLE_NS_ASSERTIONS = NO;
				ENABLE_STRICT_OBJC_MSGSEND = YES;
				GCC_C_LANGUAGE_STANDARD = gnu11;
				GCC_NO_COMMON_BLOCKS = YES;
				GCC_WARN_64_TO_32_BIT_CONVERSION = YES;
				GCC_WARN_ABOUT_RETURN_TYPE = YES_ERROR;
				GCC_WARN_UNDECLARED_SELECTOR = YES;
				GCC_WARN_UNINITIALIZED_AUTOS = YES_AGGRESSIVE;
				GCC_WARN_UNUSED_FUNCTION = YES;
				GCC_WARN_UNUSED_VARIABLE = YES;
				IPHONEOS_DEPLOYMENT_TARGET = 13.2;
				MTL_ENABLE_DEBUG_INFO = NO;
				MTL_FAST_MATH = YES;
				SDKROOT = iphoneos;
				VALIDATE_PRODUCT = YES;
			};
			name = Release;
		};
		5DC5B2E524A63DD300C12F9C /* Debug */ = {
			isa = XCBuildConfiguration;
			buildSettings = {
				ASSETCATALOG_COMPILER_APPICON_NAME = AppIcon;
				CODE_SIGN_STYLE = Automatic;
				INFOPLIST_FILE = "Runloop-test/Info.plist";
				IPHONEOS_DEPLOYMENT_TARGET = 10.0;
				LD_RUNPATH_SEARCH_PATHS = (
					"$(inherited)",
					"@executable_path/Frameworks",
				);
				PRODUCT_BUNDLE_IDENTIFIER = "com.vaffle.Runloop-test";
				PRODUCT_NAME = "$(TARGET_NAME)";
				TARGETED_DEVICE_FAMILY = "1,2";
			};
			name = Debug;
		};
		5DC5B2E624A63DD300C12F9C /* Release */ = {
			isa = XCBuildConfiguration;
			buildSettings = {
				ASSETCATALOG_COMPILER_APPICON_NAME = AppIcon;
				CODE_SIGN_STYLE = Automatic;
				INFOPLIST_FILE = "Runloop-test/Info.plist";
				IPHONEOS_DEPLOYMENT_TARGET = 10.0;
				LD_RUNPATH_SEARCH_PATHS = (
					"$(inherited)",
					"@executable_path/Frameworks",
				);
				PRODUCT_BUNDLE_IDENTIFIER = "com.vaffle.Runloop-test";
				PRODUCT_NAME = "$(TARGET_NAME)";
				TARGETED_DEVICE_FAMILY = "1,2";
			};
			name = Release;
		};
/* End XCBuildConfiguration section */

/* Begin XCConfigurationList section */
		5DC5B2C624A63DD000C12F9C /* Build configuration list for PBXProject "Runloop-test" */ = {
			isa = XCConfigurationList;
			buildConfigurations = (
				5DC5B2E224A63DD300C12F9C /* Debug */,
				5DC5B2E324A63DD300C12F9C /* Release */,
			);
			defaultConfigurationIsVisible = 0;
			defaultConfigurationName = Release;
		};
		5DC5B2E424A63DD300C12F9C /* Build configuration list for PBXNativeTarget "Runloop-test" */ = {
			isa = XCConfigurationList;
			buildConfigurations = (
				5DC5B2E524A63DD300C12F9C /* Debug */,
				5DC5B2E624A63DD300C12F9C /* Release */,
			);
			defaultConfigurationIsVisible = 0;
			defaultConfigurationName = Release;
		};
/* End XCConfigurationList section */
	};
	rootObject = 5DC5B2C324A63DD000C12F9C /* Project object */;
}
